{
  "nodes": {
    "celestia-app-src": {
      "flake": false,
      "locked": {
        "lastModified": 1698262164,
        "narHash": "sha256-ZRGb/wG7IrSX6I7bBeALlKyVqB9TZCEw7t+NFSjy5lQ=",
        "owner": "celestiaorg",
        "repo": "celestia-app",
        "rev": "ada77509d7fdedf2a3e3400b720549365851454c",
        "type": "github"
      },
      "original": {
        "owner": "celestiaorg",
        "ref": "v1.3.0",
        "repo": "celestia-app",
        "type": "github"
      }
    },
    "celestia-node-src": {
      "flake": false,
      "locked": {
        "lastModified": 1698761106,
        "narHash": "sha256-0V0NfMvR7XaOtVCqNuKbyNwDJx0htmGZoIYv8i2ub5M=",
        "owner": "celestiaorg",
        "repo": "celestia-node",
        "rev": "7d9c59639c737409e6aaaf2bfc3ce1c5fe3d7bd2",
        "type": "github"
      },
      "original": {
        "owner": "celestiaorg",
        "ref": "v0.12.0",
        "repo": "celestia-node",
        "type": "github"
      }
    },
    "flake-utils": {
      "inputs": {
        "systems": "systems"
      },
      "locked": {
        "lastModified": 1705309234,
        "narHash": "sha256-uNRRNRKmJyCRC/8y1RqBkqWBLM034y4qN7EprSdmgyA=",
        "owner": "numtide",
        "repo": "flake-utils",
        "rev": "1ef2e671c3b0c19053962c07dbda38332dcebf26",
        "type": "github"
      },
      "original": {
        "owner": "numtide",
        "repo": "flake-utils",
        "type": "github"
      }
    },
    "flake-utils_2": {
      "inputs": {
        "systems": "systems_2"
      },
      "locked": {
        "lastModified": 1705309234,
        "narHash": "sha256-uNRRNRKmJyCRC/8y1RqBkqWBLM034y4qN7EprSdmgyA=",
        "owner": "numtide",
        "repo": "flake-utils",
        "rev": "1ef2e671c3b0c19053962c07dbda38332dcebf26",
        "type": "github"
      },
      "original": {
        "owner": "numtide",
        "repo": "flake-utils",
        "type": "github"
      }
    },
    "gaia-src": {
      "flake": false,
      "locked": {
        "lastModified": 1700568577,
        "narHash": "sha256-kx4dn7Cj0RhIg5oUqMkbowJ396AUQo9hJEwn/y495yI=",
        "owner": "cosmos",
        "repo": "gaia",
        "rev": "0d9408e9169488707f1ad423e87d0df84a30431f",
        "type": "github"
      },
      "original": {
        "owner": "cosmos",
        "ref": "v14.1.0",
        "repo": "gaia",
        "type": "github"
      }
    },
    "nixpkgs": {
      "locked": {
        "lastModified": 1708247094,
        "narHash": "sha256-H2VS7VwesetGDtIaaz4AMsRkPoSLEVzL/Ika8gnbUnE=",
        "owner": "nixos",
        "repo": "nixpkgs",
        "rev": "045b51a3ae66f673ed44b5bbd1f4a341d96703bf",
        "type": "github"
      },
      "original": {
        "owner": "nixos",
        "ref": "nixpkgs-unstable",
        "repo": "nixpkgs",
        "type": "github"
      }
    },
    "nixpkgs_2": {
      "locked": {
        "lastModified": 1706487304,
        "narHash": "sha256-LE8lVX28MV2jWJsidW13D2qrHU/RUUONendL2Q/WlJg=",
        "owner": "NixOS",
        "repo": "nixpkgs",
        "rev": "90f456026d284c22b3e3497be980b2e47d0b28ac",
        "type": "github"
      },
      "original": {
        "owner": "NixOS",
        "ref": "nixpkgs-unstable",
        "repo": "nixpkgs",
        "type": "github"
      }
    },
    "risc0-cycle-macros-src": {
      "flake": false,
      "locked": {
        "lastModified": 1707815844,
        "narHash": "sha256-tl6TvAUghcJvlnbD1iYH4mHjgSEtNKsAYN9ZZP69pyc=",
        "owner": "Sovereign-Labs",
        "repo": "risc0-cycle-macros",
        "rev": "98948b8ee0e3edffcee7f3bd95a9d93c5c0941af",
        "type": "github"
      },
      "original": {
        "owner": "Sovereign-Labs",
        "repo": "risc0-cycle-macros",
        "rev": "98948b8ee0e3edffcee7f3bd95a9d93c5c0941af",
        "type": "github"
      }
    },
    "root": {
      "inputs": {
        "celestia-app-src": "celestia-app-src",
        "celestia-node-src": "celestia-node-src",
        "flake-utils": "flake-utils",
        "gaia-src": "gaia-src",
        "nixpkgs": "nixpkgs",
        "risc0-cycle-macros-src": "risc0-cycle-macros-src",
        "rust-overlay": "rust-overlay",
        "sovereign-sdk-src": "sovereign-sdk-src"
      }
    },
    "rust-overlay": {
      "inputs": {
        "flake-utils": "flake-utils_2",
        "nixpkgs": "nixpkgs_2"
      },
      "locked": {
        "lastModified": 1708308739,
        "narHash": "sha256-FtKWP6d51kz8282jfziNNcCBpAvEzv2TtKH6dYIXCuA=",
        "owner": "oxalica",
        "repo": "rust-overlay",
        "rev": "d45281ce1027a401255db01ea44972afbc569b7e",
        "type": "github"
      },
      "original": {
        "owner": "oxalica",
        "repo": "rust-overlay",
        "type": "github"
      }
    },
    "sovereign-sdk-src": {
      "flake": false,
      "locked": {
        "lastModified": 1707405267,
        "narHash": "sha256-Gz4JUsPoJW5t7u7Ahuf5qMkLtQhXbT6ySi6KDSSn8Qs=",
        "ref": "refs/heads/nightly",
        "rev": "a1d9ed80af46a0ea6e173204ca708c40ce592d3f",
        "revCount": 800,
        "type": "git",
        "url": "ssh://git@github.com/informalsystems/sovereign-sdk-wip"
      },
      "original": {
        "rev": "a1d9ed80af46a0ea6e173204ca708c40ce592d3f",
        "type": "git",
        "url": "ssh://git@github.com/informalsystems/sovereign-sdk-wip"
      }
    },
    "systems": {
      "locked": {
        "lastModified": 1681028828,
        "narHash": "sha256-Vy1rq5AaRuLzOxct8nz4T6wlgyUR7zLU309k9mBC768=",
        "owner": "nix-systems",
        "repo": "default",
        "rev": "da67096a3b9bf56a91d16901293e51ba5b49a27e",
        "type": "github"
      },
      "original": {
        "owner": "nix-systems",
        "repo": "default",
        "type": "github"
      }
    },
    "systems_2": {
      "locked": {
        "lastModified": 1681028828,
        "narHash": "sha256-Vy1rq5AaRuLzOxct8nz4T6wlgyUR7zLU309k9mBC768=",
        "owner": "nix-systems",
        "repo": "default",
        "rev": "da67096a3b9bf56a91d16901293e51ba5b49a27e",
        "type": "github"
      },
      "original": {
        "owner": "nix-systems",
        "repo": "default",
        "type": "github"
      }
    }
  },
  "root": "root",
  "version": 7
}
